// !$*UTF8*$!
{
	archiveVersion = 1;
	classes = {
	};
	objectVersion = 46;
	objects = {

/* Begin PBXBuildFile section */
		972E4CA11C917B4900082366 /* AppDelegate.swift in Sources */ = {isa = PBXBuildFile; fileRef = 972E4CA01C917B4900082366 /* AppDelegate.swift */; };
		972E4CA31C917B4900082366 /* ViewController.swift in Sources */ = {isa = PBXBuildFile; fileRef = 972E4CA21C917B4900082366 /* ViewController.swift */; };
		972E4CA61C917B4900082366 /* Main.storyboard in Resources */ = {isa = PBXBuildFile; fileRef = 972E4CA41C917B4900082366 /* Main.storyboard */; };
		972E4CA81C917B4900082366 /* Assets.xcassets in Resources */ = {isa = PBXBuildFile; fileRef = 972E4CA71C917B4900082366 /* Assets.xcassets */; };
		972E4CAB1C917B4900082366 /* LaunchScreen.storyboard in Resources */ = {isa = PBXBuildFile; fileRef = 972E4CA91C917B4900082366 /* LaunchScreen.storyboard */; };
		972E4CB61C917B4900082366 /* UnitTestBasicsTests.swift in Sources */ = {isa = PBXBuildFile; fileRef = 972E4CB51C917B4900082366 /* UnitTestBasicsTests.swift */; };
		972E4CC31C917C0500082366 /* Document.swift in Sources */ = {isa = PBXBuildFile; fileRef = 972E4CC21C917C0500082366 /* Document.swift */; };
		972E4CC41C917C0500082366 /* Document.swift in Sources */ = {isa = PBXBuildFile; fileRef = 972E4CC21C917C0500082366 /* Document.swift */; };
/* End PBXBuildFile section */

/* Begin PBXContainerItemProxy section */
		972E4CB21C917B4900082366 /* PBXContainerItemProxy */ = {
			isa = PBXContainerItemProxy;
			containerPortal = 972E4C951C917B4900082366 /* Project object */;
			proxyType = 1;
			remoteGlobalIDString = 972E4C9C1C917B4900082366;
			remoteInfo = UnitTestBasics;
		};
/* End PBXContainerItemProxy section */

/* Begin PBXFileReference section */
		972E4C9D1C917B4900082366 /* UnitTestBasics.app */ = {isa = PBXFileReference; explicitFileType = wrapper.application; includeInIndex = 0; path = UnitTestBasics.app; sourceTree = BUILT_PRODUCTS_DIR; };
		972E4CA01C917B4900082366 /* AppDelegate.swift */ = {isa = PBXFileReference; lastKnownFileType = sourcecode.swift; path = AppDelegate.swift; sourceTree = "<group>"; };
		972E4CA21C917B4900082366 /* ViewController.swift */ = {isa = PBXFileReference; lastKnownFileType = sourcecode.swift; path = ViewController.swift; sourceTree = "<group>"; };
		972E4CA51C917B4900082366 /* Base */ = {isa = PBXFileReference; lastKnownFileType = file.storyboard; name = Base; path = Base.lproj/Main.storyboard; sourceTree = "<group>"; };
		972E4CA71C917B4900082366 /* Assets.xcassets */ = {isa = PBXFileReference; lastKnownFileType = folder.assetcatalog; path = Assets.xcassets; sourceTree = "<group>"; };
		972E4CAA1C917B4900082366 /* Base */ = {isa = PBXFileReference; lastKnownFileType = file.storyboard; name = Base; path = Base.lproj/LaunchScreen.storyboard; sourceTree = "<group>"; };
		972E4CAC1C917B4900082366 /* Info.plist */ = {isa = PBXFileReference; lastKnownFileType = text.plist.xml; path = Info.plist; sourceTree = "<group>"; };
		972E4CB11C917B4900082366 /* UnitTestBasicsTests.xctest */ = {isa = PBXFileReference; explicitFileType = wrapper.cfbundle; includeInIndex = 0; path = UnitTestBasicsTests.xctest; sourceTree = BUILT_PRODUCTS_DIR; };
		972E4CB51C917B4900082366 /* UnitTestBasicsTests.swift */ = {isa = PBXFileReference; lastKnownFileType = sourcecode.swift; path = UnitTestBasicsTests.swift; sourceTree = "<group>"; };
		972E4CB71C917B4900082366 /* Info.plist */ = {isa = PBXFileReference; lastKnownFileType = text.plist.xml; path = Info.plist; sourceTree = "<group>"; };
		972E4CC21C917C0500082366 /* Document.swift */ = {isa = PBXFileReference; fileEncoding = 4; lastKnownFileType = sourcecode.swift; path = Document.swift; sourceTree = "<group>"; };
/* End PBXFileReference section */

/* Begin PBXFrameworksBuildPhase section */
		972E4C9A1C917B4900082366 /* Frameworks */ = {
			isa = PBXFrameworksBuildPhase;
			buildActionMask = 2147483647;
			files = (
			);
			runOnlyForDeploymentPostprocessing = 0;
		};
		972E4CAE1C917B4900082366 /* Frameworks */ = {
			isa = PBXFrameworksBuildPhase;
			buildActionMask = 2147483647;
			files = (
			);
			runOnlyForDeploymentPostprocessing = 0;
		};
/* End PBXFrameworksBuildPhase section */

/* Begin PBXGroup section */
		972E4C941C917B4900082366 = {
			isa = PBXGroup;
			children = (
				972E4C9F1C917B4900082366 /* UnitTestBasics */,
				972E4CB41C917B4900082366 /* UnitTestBasicsTests */,
				972E4C9E1C917B4900082366 /* Products */,
			);
			sourceTree = "<group>";
		};
		972E4C9E1C917B4900082366 /* Products */ = {
			isa = PBXGroup;
			children = (
				972E4C9D1C917B4900082366 /* UnitTestBasics.app */,
				972E4CB11C917B4900082366 /* UnitTestBasicsTests.xctest */,
			);
			name = Products;
			sourceTree = "<group>";
		};
		972E4C9F1C917B4900082366 /* UnitTestBasics */ = {
			isa = PBXGroup;
			children = (
				972E4CC11C917BEA00082366 /* Default */,
				972E4CC21C917C0500082366 /* Document.swift */,
			);
			path = UnitTestBasics;
			sourceTree = "<group>";
		};
		972E4CB41C917B4900082366 /* UnitTestBasicsTests */ = {
			isa = PBXGroup;
			children = (
				972E4CB51C917B4900082366 /* UnitTestBasicsTests.swift */,
				972E4CB71C917B4900082366 /* Info.plist */,
			);
			path = UnitTestBasicsTests;
			sourceTree = "<group>";
		};
		972E4CC11C917BEA00082366 /* Default */ = {
			isa = PBXGroup;
			children = (
				972E4CA01C917B4900082366 /* AppDelegate.swift */,
				972E4CA21C917B4900082366 /* ViewController.swift */,
				972E4CA41C917B4900082366 /* Main.storyboard */,
				972E4CA71C917B4900082366 /* Assets.xcassets */,
				972E4CA91C917B4900082366 /* LaunchScreen.storyboard */,
				972E4CAC1C917B4900082366 /* Info.plist */,
			);
			name = Default;
			sourceTree = "<group>";
		};
/* End PBXGroup section */

/* Begin PBXNativeTarget section */
		972E4C9C1C917B4900082366 /* UnitTestBasics */ = {
			isa = PBXNativeTarget;
			buildConfigurationList = 972E4CBA1C917B4900082366 /* Build configuration list for PBXNativeTarget "UnitTestBasics" */;
			buildPhases = (
				972E4C991C917B4900082366 /* Sources */,
				972E4C9A1C917B4900082366 /* Frameworks */,
				972E4C9B1C917B4900082366 /* Resources */,
			);
			buildRules = (
			);
			dependencies = (
			);
			name = UnitTestBasics;
			productName = UnitTestBasics;
			productReference = 972E4C9D1C917B4900082366 /* UnitTestBasics.app */;
			productType = "com.apple.product-type.application";
		};
		972E4CB01C917B4900082366 /* UnitTestBasicsTests */ = {
			isa = PBXNativeTarget;
			buildConfigurationList = 972E4CBD1C917B4900082366 /* Build configuration list for PBXNativeTarget "UnitTestBasicsTests" */;
			buildPhases = (
				972E4CAD1C917B4900082366 /* Sources */,
				972E4CAE1C917B4900082366 /* Frameworks */,
				972E4CAF1C917B4900082366 /* Resources */,
			);
			buildRules = (
			);
			dependencies = (
				972E4CB31C917B4900082366 /* PBXTargetDependency */,
			);
			name = UnitTestBasicsTests;
			productName = UnitTestBasicsTests;
			productReference = 972E4CB11C917B4900082366 /* UnitTestBasicsTests.xctest */;
			productType = "com.apple.product-type.bundle.unit-test";
		};
/* End PBXNativeTarget section */

/* Begin PBXProject section */
		972E4C951C917B4900082366 /* Project object */ = {
			isa = PBXProject;
			attributes = {
				LastSwiftUpdateCheck = 0720;
				LastUpgradeCheck = 0720;
				ORGANIZATIONNAME = "Cícero Camargo";
				TargetAttributes = {
					972E4C9C1C917B4900082366 = {
						CreatedOnToolsVersion = 7.2;
					};
					972E4CB01C917B4900082366 = {
						CreatedOnToolsVersion = 7.2;
						TestTargetID = 972E4C9C1C917B4900082366;
					};
				};
			};
			buildConfigurationList = 972E4C981C917B4900082366 /* Build configuration list for PBXProject "UnitTestBasics" */;
			compatibilityVersion = "Xcode 3.2";
			developmentRegion = English;
			hasScannedForEncodings = 0;
			knownRegions = (
				en,
				Base,
			);
			mainGroup = 972E4C941C917B4900082366;
			productRefGroup = 972E4C9E1C917B4900082366 /* Products */;
			projectDirPath = "";
			projectRoot = "";
			targets = (
				972E4C9C1C917B4900082366 /* UnitTestBasics */,
				972E4CB01C917B4900082366 /* UnitTestBasicsTests */,
			);
		};
/* End PBXProject section */

/* Begin PBXResourcesBuildPhase section */
		972E4C9B1C917B4900082366 /* Resources */ = {
			isa = PBXResourcesBuildPhase;
			buildActionMask = 2147483647;
			files = (
				972E4CAB1C917B4900082366 /* LaunchScreen.storyboard in Resources */,
				972E4CA81C917B4900082366 /* Assets.xcassets in Resources */,
				972E4CA61C917B4900082366 /* Main.storyboard in Resources */,
			);
			runOnlyForDeploymentPostprocessing = 0;
		};
		972E4CAF1C917B4900082366 /* Resources */ = {
			isa = PBXResourcesBuildPhase;
			buildActionMask = 2147483647;
			files = (
			);
			runOnlyForDeploymentPostprocessing = 0;
		};
/* End PBXResourcesBuildPhase section */

/* Begin PBXSourcesBuildPhase section */
		972E4C991C917B4900082366 /* Sources */ = {
			isa = PBXSourcesBuildPhase;
			buildActionMask = 2147483647;
			files = (
				972E4CA31C917B4900082366 /* ViewController.swift in Sources */,
				972E4CA11C917B4900082366 /* AppDelegate.swift in Sources */,
				972E4CC31C917C0500082366 /* Document.swift in Sources */,
			);
			runOnlyForDeploymentPostprocessing = 0;
		};
		972E4CAD1C917B4900082366 /* Sources */ = {
			isa = PBXSourcesBuildPhase;
			buildActionMask = 2147483647;
			files = (
				972E4CC41C917C0500082366 /* Document.swift in Sources */,
				972E4CB61C917B4900082366 /* UnitTestBasicsTests.swift in Sources */,
			);
			runOnlyForDeploymentPostprocessing = 0;
		};
/* End PBXSourcesBuildPhase section */

/* Begin PBXTargetDependency section */
		972E4CB31C917B4900082366 /* PBXTargetDependency */ = {
			isa = PBXTargetDependency;
			target = 972E4C9C1C917B4900082366 /* UnitTestBasics */;
			targetProxy = 972E4CB21C917B4900082366 /* PBXContainerItemProxy */;
		};
/* End PBXTargetDependency section */

/* Begin PBXVariantGroup section */
		972E4CA41C917B4900082366 /* Main.storyboard */ = {
			isa = PBXVariantGroup;
			children = (
				972E4CA51C917B4900082366 /* Base */,
			);
			name = Main.storyboard;
			sourceTree = "<group>";
		};
		972E4CA91C917B4900082366 /* LaunchScreen.storyboard */ = {
			isa = PBXVariantGroup;
			children = (
				972E4CAA1C917B4900082366 /* Base */,
			);
			name = LaunchScreen.storyboard;
			sourceTree = "<group>";
		};
/* End PBXVariantGroup section */

/* Begin XCBuildConfiguration section */
		972E4CB81C917B4900082366 /* Debug */ = {
			isa = XCBuildConfiguration;
			buildSettings = {
				ALWAYS_SEARCH_USER_PATHS = NO;
				CLANG_CXX_LANGUAGE_STANDARD = "gnu++0x";
				CLANG_CXX_LIBRARY = "libc++";
				CLANG_ENABLE_MODULES = YES;
				CLANG_ENABLE_OBJC_ARC = YES;
				CLANG_WARN_BOOL_CONVERSION = YES;
				CLANG_WARN_CONSTANT_CONVERSION = YES;
				CLANG_WARN_DIRECT_OBJC_ISA_USAGE = YES_ERROR;
				CLANG_WARN_EMPTY_BODY = YES;
				CLANG_WARN_ENUM_CONVERSION = YES;
				CLANG_WARN_INT_CONVERSION = YES;
				CLANG_WARN_OBJC_ROOT_CLASS = YES_ERROR;
				CLANG_WARN_UNREACHABLE_CODE = YES;
				CLANG_WARN__DUPLICATE_METHOD_MATCH = YES;
				"CODE_SIGN_IDENTITY[sdk=iphoneos*]" = "iPhone Developer";
				COPY_PHASE_STRIP = NO;
				DEBUG_INFORMATION_FORMAT = dwarf;
				ENABLE_STRICT_OBJC_MSGSEND = YES;
				ENABLE_TESTABILITY = YES;
				GCC_C_LANGUAGE_STANDARD = gnu99;
				GCC_DYNAMIC_NO_PIC = NO;
				GCC_NO_COMMON_BLOCKS = YES;
				GCC_OPTIMIZATION_LEVEL = 0;
				GCC_PREPROCESSOR_DEFINITIONS = (
					"DEBUG=1",
					"$(inherited)",
				);
				GCC_WARN_64_TO_32_BIT_CONVERSION = YES;
				GCC_WARN_ABOUT_RETURN_TYPE = YES_ERROR;
				GCC_WARN_UNDECLARED_SELECTOR = YES;
				GCC_WARN_UNINITIALIZED_AUTOS = YES_AGGRESSIVE;
				GCC_WARN_UNUSED_FUNCTION = YES;
				GCC_WARN_UNUSED_VARIABLE = YES;
				IPHONEOS_DEPLOYMENT_TARGET = 9.2;
				MTL_ENABLE_DEBUG_INFO = YES;
				ONLY_ACTIVE_ARCH = YES;
				SDKROOT = iphoneos;
				SWIFT_OPTIMIZATION_LEVEL = "-Onone";
				TARGETED_DEVICE_FAMILY = "1,2";
			};
			name = Debug;
		};
		972E4CB91C917B4900082366 /* Release */ = {
			isa = XCBuildConfiguration;
			buildSettings = {
				ALWAYS_SEARCH_USER_PATHS = NO;
				CLANG_CXX_LANGUAGE_STANDARD = "gnu++0x";
				CLANG_CXX_LIBRARY = "libc++";
				CLANG_ENABLE_MODULES = YES;
				CLANG_ENABLE_OBJC_ARC = YES;
				CLANG_WARN_BOOL_CONVERSION = YES;
				CLANG_WARN_CONSTANT_CONVERSION = YES;
				CLANG_WARN_DIRECT_OBJC_ISA_USAGE = YES_ERROR;
				CLANG_WARN_EMPTY_BODY = YES;
				CLANG_WARN_ENUM_CONVERSION = YES;
				CLANG_WARN_INT_CONVERSION = YES;
				CLANG_WARN_OBJC_ROOT_CLASS = YES_ERROR;
				CLANG_WARN_UNREACHABLE_CODE = YES;
				CLANG_WARN__DUPLICATE_METHOD_MATCH = YES;
				"CODE_SIGN_IDENTITY[sdk=iphoneos*]" = "iPhone Developer";
				COPY_PHASE_STRIP = NO;
				DEBUG_INFORMATION_FORMAT = "dwarf-with-dsym";
				ENABLE_NS_ASSERTIONS = NO;
				ENABLE_STRICT_OBJC_MSGSEND = YES;
				GCC_C_LANGUAGE_STANDARD = gnu99;
				GCC_NO_COMMON_BLOCKS = YES;
				GCC_WARN_64_TO_32_BIT_CONVERSION = YES;
				GCC_WARN_ABOUT_RETURN_TYPE = YES_ERROR;
				GCC_WARN_UNDECLARED_SELECTOR = YES;
				GCC_WARN_UNINITIALIZED_AUTOS = YES_AGGRESSIVE;
				GCC_WARN_UNUSED_FUNCTION = YES;
				GCC_WARN_UNUSED_VARIABLE = YES;
				IPHONEOS_DEPLOYMENT_TARGET = 9.2;
				MTL_ENABLE_DEBUG_INFO = NO;
				SDKROOT = iphoneos;
				TARGETED_DEVICE_FAMILY = "1,2";
				VALIDATE_PRODUCT = YES;
			};
			name = Release;
		};
		972E4CBB1C917B4900082366 /* Debug */ = {
			isa = XCBuildConfiguration;
			buildSettings = {
				ASSETCATALOG_COMPILER_APPICON_NAME = AppIcon;
				INFOPLIST_FILE = UnitTestBasics/Info.plist;
				LD_RUNPATH_SEARCH_PATHS = "$(inherited) @executable_path/Frameworks";
				PRODUCT_BUNDLE_IDENTIFIER = com.cicerocamargo.UnitTestBasics;
				PRODUCT_NAME = "$(TARGET_NAME)";
			};
			name = Debug;
		};
		972E4CBC1C917B4900082366 /* Release */ = {
			isa = XCBuildConfiguration;
			buildSettings = {
				ASSETCATALOG_COMPILER_APPICON_NAME = AppIcon;
				INFOPLIST_FILE = UnitTestBasics/Info.plist;
				LD_RUNPATH_SEARCH_PATHS = "$(inherited) @executable_path/Frameworks";
				PRODUCT_BUNDLE_IDENTIFIER = com.cicerocamargo.UnitTestBasics;
				PRODUCT_NAME = "$(TARGET_NAME)";
			};
			name = Release;
		};
		972E4CBE1C917B4900082366 /* Debug */ = {
			isa = XCBuildConfiguration;
			buildSettings = {
				BUNDLE_LOADER = "$(TEST_HOST)";
				INFOPLIST_FILE = UnitTestBasicsTests/Info.plist;
				LD_RUNPATH_SEARCH_PATHS = "$(inherited) @executable_path/Frameworks @loader_path/Frameworks";
				PRODUCT_BUNDLE_IDENTIFIER = com.cicerocamargo.UnitTestBasicsTests;
				PRODUCT_NAME = "$(TARGET_NAME)";
				TEST_HOST = "$(BUILT_PRODUCTS_DIR)/UnitTestBasics.app/UnitTestBasics";
			};
			name = Debug;
		};
		972E4CBF1C917B4900082366 /* Release */ = {
			isa = XCBuildConfiguration;
			buildSettings = {
				BUNDLE_LOADER = "$(TEST_HOST)";
				INFOPLIST_FILE = UnitTestBasicsTests/Info.plist;
				LD_RUNPATH_SEARCH_PATHS = "$(inherited) @executable_path/Frameworks @loader_path/Frameworks";
				PRODUCT_BUNDLE_IDENTIFIER = com.cicerocamargo.UnitTestBasicsTests;
				PRODUCT_NAME = "$(TARGET_NAME)";
				TEST_HOST = "$(BUILT_PRODUCTS_DIR)/UnitTestBasics.app/UnitTestBasics";
			};
			name = Release;
		};
/* End XCBuildConfiguration section */

/* Begin XCConfigurationList section */
		972E4C981C917B4900082366 /* Build configuration list for PBXProject "UnitTestBasics" */ = {
			isa = XCConfigurationList;
			buildConfigurations = (
				972E4CB81C917B4900082366 /* Debug */,
				972E4CB91C917B4900082366 /* Release */,
			);
			defaultConfigurationIsVisible = 0;
			defaultConfigurationName = Release;
		};
		972E4CBA1C917B4900082366 /* Build configuration list for PBXNativeTarget "UnitTestBasics" */ = {
			isa = XCConfigurationList;
			buildConfigurations = (
				972E4CBB1C917B4900082366 /* Debug */,
				972E4CBC1C917B4900082366 /* Release */,
			);
			defaultConfigurationIsVisible = 0;
		};
		972E4CBD1C917B4900082366 /* Build configuration list for PBXNativeTarget "UnitTestBasicsTests" */ = {
			isa = XCConfigurationList;
			buildConfigurations = (
				972E4CBE1C917B4900082366 /* Debug */,
				972E4CBF1C917B4900082366 /* Release */,
			);
			defaultConfigurationIsVisible = 0;
		};
/* End XCConfigurationList section */
	};
	rootObject = 972E4C951C917B4900082366 /* Project object */;
}
